U2FsdGVkX18RluE3k63BLvStAUs6UZKVY3emh5KGucyTurISN9fbo57XXYWKxjK5
QmSaljzGG/3MkTIVlFOfp+ZraPmJPkC2krH/ICd7Ed3RIgm9jpQrtLU/Wo5jXr5e
akrjL755GD5dq3Nsc0w7j2t6ccyX0BN6+r+zuefUX3V/B/DhS5+s097G3404JVMZ
RgoghLkFvGBQyF0rQhREbnHk46yvITvX5PGRydr9lRLAuPiyE+oypnhxaHz2c2vO
z/haw8yKTB+wx52JoIWz4BcfhFUx9UHYW5waibt2Ww9z8HPOTPh1VkRT2WpqF137
Btwhv/u8JCC5eNwqug/Y/QARLC05tKJD7P2pg1lqP+AGMA8o452eZN5U9nbqpoje
ZqVM75BAok7jILRRpyfqSnTMMlIftPYuz9Uf87Zis5PfC2le3Kj0Ty6rKIjz+VqU
hc51E7sg9anXJnVzqosjUGHKdmDX2cNnihQM7BImNl/zVhouvZZ97+uAY7NiGxb6
uvn6+YqP0qDYEmG+06wq18hmWoO/T52vjntziB9zmF9TCCXc3HsCnoxbVAL32IN5
1HbkZovh5pd9cU6Gjw+jb0M47waAkvOby6oPvJtVMZ8CT07tiPpkDI1WqHo3EO+B
r05X33liXTmI1FYoPE544nPx10cKTM8GM8MRwOJxaDQNGQfsHoVU4h0We54QVdol
ZjmSo0V1flTw5YQdsKU7vzbPqV1iIT/9G2atr9b4VkJ5jVYtxhKX6XKP8azdAIfI
mkqyHnDnbylnYP4hEalTB5/fKxC7uERXJbNr2aRntBcGqu0SjULpIQ8nB4a2r70v
FkkjZRsP7y0bCfg3NtFfXGiq0/Vaw5S1yzzHOLPqVc0KmKq9pllSFl7Y1WgwaVH6
fhDxgCBx43UVfw8aZxBmcsocMaJKQhoARB4Mlnw3tMdFcbaf+H502rpqW+5GAi2E
4CditYXDeeBHSP/fxTpgNbICdkV3OUIkrqLNeKdUnb+5i84FMIMVK0Hb8JYveafE
SC4BTy7+thmQ02EJ+wdO1gB7ANLjBschSAYzzI1Mw7bvBg9POER4+lyUNxOuC/dv
RDPiycS1F5Mg+UIDfh9+XjBQGj8WGbU5W9PF+nTLuVUx2nnUbR8S/+5SyvtmWzIl
ywEEMFGV84Xky034vxhBqrnYOxrv3Ei7r8cmPt7fTf6OvzsoAmwWrJ8dpcsAJ8F4
9pNbVyahmjL4IiwqQJPBr16OKVCUbaJT61IWa36OOo7YXyJ1o+o0/rXif7mxlvF/
hRI9BkctWWrDRmXOegP0QdJH4XokBnGFdCw9U4DqRCzdVa4/uAhr9gKzw5qdZ+vU
53jTfHh/S2+GKgse88ljheqYHdMjgQzKHJZldH78yXwwJIk7kAHLPT6cJwCAMZOw
mU7UUfZ5KSaM5+KR4AspcPLEfNzK8Rz6db5wMkx8hPQkpZD7ON1veV4XlvulCFf2
r9tpLtqiRd5JlsBxfiqat0aBVdVIyG2zRaDQsXo4UsovjctY/+b3iNfbHdr7RLg+
7yskox2FnHuQF/It4KvN0sBB8XkCHFcQI0z2YxbW3ODUeVzSgiP6/W819CsWiqzS
W8tAtqPMfrS5nle7/hPANQZ/FF9mT6P0ql5PSeMKiUuIjT9AKVmGhXcd53l7LV6W
zRbXNJo1o3n9X2d0ZL7RrqdT6GvpUOueqk/KHZ8PREsVCjL8ln5ZvwRFldZC/PBk
5uTSMHxv/kGmqhKzq6wQRdJDS7JyPVI811YfHZbdXL8V4nfnw/FDfBDY158NBSJM
OkZ9qCH0hOAqVX1H3zIwyorB/w1HSklkjfDhwFoUH7IOYge8Zl396caui35osfpB
Srd3fLG40Qs0ad0WBiz5h55qOLyFQxTgkBrfMAkn4nQvFDCs8yDZlKKxVCqEefBm
Yx5h4zXHbBbX5XN+nV3GHAIcl8C6wrT9phhMiO7KTzBBYtsBoNwIaev+702jXqfr
1jn4rYTLxxn7RLK/S45eb4oMouIIVEWXZJbgaFZuGn2SwzCef9cvikJdtUQGXyob
m69dm6Ss+EBpCzvuqR+SQd6M3448SkBubMa4ALD+JUs0Plk5SEYCAuu8RMZ1Tjr9
bAD5c/qZPFE8PtIHvqFBiyI4Ntnhi1XjqsnSop6zrQONM+z257pkseyTrQQjcjNU
3q+uU4Pa6RzNcPlYBt9Z54SQtLI3uI7fn5uMFiMKUXrix02TBjAIhtSq8US2dakp
TPnLfwPtGpekrwNwE+NGT5DScV9AnQksLMbuUQHs9hGbSi1jRgISLqIVZqNe6e91
k/OJFJ/1Z2qGFYEWSZZjs1B4EloZFg2iYXj2AI8N1aRnSBJ297Sj/1OlcRFEG44m
rDTT4dp4PFAPfPdQcJHsxL/TyfOt+lG0Nkk6OMx3MbemWf6IFEQWSo4zq82PTEpv
13UrkqTmwHC4el39kWPVwuZOpKcVZ/NwscZcGqDxfgfOm1j7h6khKoMiK3vdSxlX
RytZ2E7xaDpHwkQ9LaDR+WieLhl5oE2vAP0Y71EF9xRpWT9sD/brGsnz7mv3Z1q8
YmEHlwdTOc4GQTC0JyEPIHXSzw6Oc6DmCMSP5cjjgXNPwYXBo4KZ0qK7f11kXpYl
8LVDdKCo5xgrjXip2uysFxtpM1/DK7lO6wXnhQ8qCQ2jk9bMCEEAXbOhxHfmadxA
tor8AWo2vIbaBJo1xxmT6ou+3TP2dH/fIV8SsNv6zjl/BP1uUaKlO95M+moGGuPq
2EvSDrwM9cOyd2JW1xIIrW9otiiRLVZSgGd5vFmBdAUlqz6HRLoQo2ix9oejU1is
lxcIpQ3iUUKZrfraoF9mi0p2WpD1Rwvd8C88D+uKYqt49Vftbwu9e5mDPKwoahj+
7vn8QUBzt2Umyz07zdRbl/UGh+BjXkjd8cdlChukF3R2wEDJrYFe0Y6O73oYVYBM
4Apkw3Fy219P7A3HkeH/QJmHk0PbKNJBHaj0MYcYWKH6g7WG2wwl7Sfd30/I9TC8
QtImUcZfl0JVySY+hwtb75xMs7YWaTyEzNbbZfmOSn+KyF0Qk685bnW+Bt/bFCed
fV+5CNIJGZU66WD2AY3Hd5Rr/U4PHJcM/otwOAYFtlCFA7yqQgM8dZM904Xwvwqf
8UddWxqvekcN9h0HhtZqlyeU+B+OB/uugD86UWmCp+FQXVkVHCL9bWlAFpNVOtHH
O0T8Rry2tvqzcjmCPt6m1X7HXr9TUMBFcGaNSZEewuzzsrII9Bhuz12nd2Vd+ANk
9VRBLyoTSBlmntpzJsZyr4M3ipD4+ZhACG1d3nPuiHgcE1s7gpAgSeieSEvQts70
MRZKsv4ITrR2nKFUxsaQOXJbeE2pZq8258BPxNS+/yDA00MikIQdw4zg3OV3LuYQ
6h5Yg3QcfjqrwGQyx5B+WvR21vR6d7/L7ZV//tnIGDezjSO98eSKn1gT+4KRFvJY
TrqPHY9jtN9joRwDfR+LXIcYRcS+0DFijV+rdoY3ZsqyjJVN/5gPixpWVEbZAiXE
+znYeAzrF1+FIQDIXfqarvPg/AqYWI8NCxV+VeVedABCugZEnAzbXpN+TOWFZQw1
xxp4TZKNgagWCxesoyYDnoI1rFDPo7uZF9p5PXAOlLdNgA5M9uB+Cf/wffjuvfVU
Yc50WNTA+ozO6/GElNDVsh99Wl9+hA45tKXngzF08uDDMj9C0Dw9qotBjoRTYm4B
OQTVOlHfn1H+3inLOp8qUyVfoxq5/CiTs5KAszuyv+GBw4hRyW3sbtKbb326rKqb
3VV9WOc3I/KpGYweBgeMDns3ul/HKUlYHwXPtiWvCpjg2C28VWmElGlH8Ohd7GMo
WlE7hs9xsQ3uIK70hAAokRJF6UowFBVYpS30goGOnqeFE9uWGHKVgBwykMgKqKp2
nXMLLn3AQmOIjIWJZsvzbFxCU8mRy5C07gmxykyZqOTn02YwtzIg6D1+N340qnW6
etWyh0pbXju1dL7mX+1vd+49Tz3FEnEiCltzNcIHxvQTO7lIazhI48eYWFHx9mL0
st733KtKclHOy7H4Djgjuc406WlkMp4YHMc25mE6NfGZPzDTF3CTlW2lczOqAFEI
HfnrQ8tI4yLDo4B82SDQoV3N6hIhgOstjfxb4yTpf9T6qcWBtA1N/MAcJHwAlHzJ
dz3F0ObrROfqRsm5jl/XkwMV66xCeRNT6rJZqpjcLKgx69UQsAwy+Fv+wzDwM5jd
d705KHrtGf4DsDdJWbehzqbMeJxjni65A/mXd/yF5mh79+y7KQA00cZ2sPf1lIB1
zfQHJlLlRPqDvC6NYge0bl6mA5HBsE9993ArMATg3UE/3/PBr67NKjqmuup3POKa
hd0JmZ7wA0rn323Ud4A8eMyKBh+orJrqob6amP1zsWdH+jsqw/PWj8WwVeJ9UzO/
D/GMH8aBTVEXAipEUK36BHuJQPQiTVFQmSnjAvh2wJhrhGNtp7RIKV+JdG+6RSoj
erblGgp5sx89XT9qF6Wd8hjULACI2Z0J/ZFcqV/RAwA8ckyv06L+Q4kH3Ck5gI2H
EybCli4ext5ky5ofCTdULzxSsqe5XBwPfOY1vMG+7K1XweZ31Qls7XaBWX4PQl70
jU17Ydj/uSqXlYSmkx+lQm0nK4yc+bXkaNjB+rQyX0o/5H2tj1dxEs8wrmMK7Yv1
TBH7FC1NxHck0qzYFhE+ovSEaJ4Ipr8wudwYTndHGCoR67xor527mnk9w+b26KtP
bW9tln2YpHdMuDURdWx1renrtuV6KKkMoXCC/HfU9vz7Nr433Rr1nfOXNH2/5zSu
z4+oagBQf0AUoDCRFBLkmFVZKw6gBz0Kd0nxm9lVMD1hCGCKjLnKEgXiScqNEGrf
KW5CsLnxMMMyAELge09DLgrVXCh15ISJpINJtjG2Kn8DOM4tVOByeOYXlAnMIf9n
muyIlaJcfPK41v8CdG+nBLKcLewQvoapDxuMKPgGPdO7c5AnvJXSrTaXSQMZv+18
oKR9eR0bld+x8QHBV9LyJnA/f+MLCwesT4d0GSxH1XYoAk2Z/cHtPwNGQtELxyP9
Mlmy8i2DDVIcg+4E//9DWbjCIaiRpQI+L3/eP9sSskMQOBgNNy51Crld9OlEOWA1
SgZsFhwwLqYqiYocUTY+vw0PhaKHgJQLNZ8WtGmgnn6ZY3PmsLaYYF4gIJql70bZ
govjsikjVDZezP1w/wLz+EIaXfh8UKwkr+vP0z25T3RhkuOO+AGcHK9Id4qypfgr
KYw+wMGDsapR6z8OGrQjNwL7CkTtH9xSRFOTOPovarZwG8YzInhTlstQCxV4z8vl
ychT1/YHxXK8wIQjFPyRVaKhO2cBrqjhZp6o6SDGn2U80LMM7SKEwGwFEWyYNBta
PGkJGYmlnj4sz9kX28t7Hs74yYcXB1ml1pgi1SnIhYoFT6LvOHZxbgur7mlt+Zbm
fYDw/Y+s1nxoqg5haPB6BcSuJDsu+t2fkLAbZoZEcHRbhnJoUTjJLxpgj6LOFV+P
MekrPs/OQ6nnfA9oRkwYK7XrAigfT35S6pEc7r+c1ylPSdegmpfifMgwz8kyBsEb
QBgJog5zVRbPxawNxJWRvlR+FC6la/jOBYmGsAPM2B0u0fH0nQkYyZirFN19xNIa
I59A4ZJhgAvfgp63hYYujOwo0gw54O81q399A2MP/Wg1B5EJau9iugMa1Ig3evFt
vuRnUbvE/6qi9aU04PRbQJE1YNHhU5jey3LGMrq2189TNOrf6whCKE4jdEo5KC6C
G3YsUlxyfv34+eUgD1piHjNK6LBmqIfLgKTfQkJakMySjZ1i9Md8pU8vbeRPOvbH
jhEEHyIOt8gs2Wh/2g7u0Fz5E4LuFmOoosder9Am7xZ14cQEMFHFUzm+TI5GSAUo
U+9UC/fSwnv9g9zudZ+waFEhcXtLBO6GwBMrSA4t44b9V68YGNIEjhln7+xDN3lQ
8Df2ZquW6iXYu1pfLh5Rgg94GyYudbI7eh3O7LNmXtXRqyaNOmKtBs6tMchRsVxu
WPZ4KbN5BQEAZPLA0Iq9ncfRCDcSdoD2so4SpKsoSp/TywY57+uElvJFatgjp9tK
MJhJaHFbZ8qcMamUzIR0MhxJy0rNs6OaA4RTRN497GXfhNBAITMFnrvUg3VOZsv3
NNb6nOnPZiQA1oUKO2efZXFeRAouFj6vwIzotGcVMTK+kw0OCOhJRxnlcY9EWdsg
8ZOqoAszo/KdMbIw6QCfB5zm4WwfGOwGEaE5wEpK4/zPoOyL5K/mgrSJkDZilbBZ
cbBj4XiDs7HofnZrMu6+VaSrRx2oVC2+7eGDy+TUn3WucLDZYYHSxX9NU6RKfmoV
e1EOz8tjMhzEbi1UyWsgTdknZjpzoGCO/yzc+4QnXR3ohrvB2zf5/OT6AMk3jkD5
yVuk4Mvxkl0Aav2lVrrvpyRaxqXZFBnoXdLWUOpzNMey5cXsTr2Qjng+HLnf9+j8
XsXj3IQlGxrxU10k9OMrL0h7/nihnbx4ZkwxHDaOeL7rKfCTSDHNZdNUibsdtJGo
m5XyWf2Mi5S/z+4QcWMCKv+qTgt8eWFVhB026B46MxiN6IBh8CnrfM+NRZADXSmk
uNZ3LBm56Erbk8t05W1FTlKN+wyVNKzXxLnlZ1UeDOTTXbaA8Xh+r8lqIaQ9ZaN9
E8hr2FrjzS6u9f6XQxXi2f8cbUMWViNVOZ3n7IYftGHDpXp/nBVNhjal5Tg60YhQ
S9rbrY3rtSU/laLdSHFeL9LSG5/g4sjT2ewA3sPJvh3LKWuM0/pXzs1mIoL+2yjc
m3kW1QHmxkyqHnBM1qEtDxY99G50psm7YdaBAUv2POa9KjVG6+o2NP1UFpYgh0Ag
+YE8inf+ydGB9OWYtrEcadlPUfT/d7jUxwbdatBPRAaHXz8u0CxvB35Ix8ZRxoQ+
PUOSavwMLfeDoEZT/6khpc7ia7NNcVzkI6q8XSS4P1n+UKkkETBQ+/1x775kXEyi
jAgSub+sIgb71wSjq2W113/BtRkBsDBL6yCx9l/tFDQjzUr+m6HVIha9L39OwP+7
JGqt5inZG76S9H+KODRjdVyKyKgPVeWVmCJ9TtkkshnkeJLzpYMNE+S4gvijvSCm
qi6Cdjealk8JD1nKN0ylsDzdR7lQe/l9d9iJZwTa6GmULV13/FEuGhnwAKgELLHw
61ZsuAZX9thkw9/RopWLvc8nE8TZ7A+Idt5t72YnnlN0q8HYbIhrxGFqoH5l9v0K
5F157wtP5/0MbFk5W2WOdebOrh9MIlHvuYzLAvQuKGWpmGpn2fWrZ7zWrwWqNiXE
AFHd2243guyMYypwKRCk6is9nGl7/NucInHRCcDmmLTiwshMkBIVQrrMl2gWvGtA
f1goTd1/JhaqvbV/vNUs9XtPA5Pf2d/AYuIYVXwufncv0QbttXEKY4CdBchpj+1V
l368+a+h7ChQysjd3lrDYYJPd2RUZn9Vafg18HxLxdysGsB41VNgAkXYrXsJMLcv
ombs4x3XLWkxxx/3nfwNhYcRRJGT4swbjhfP1qD9NEaFNYVthQP8chLZarnVCkHd
9hh1jhrsAmnrWfGItXGwe23X1+BcYQyGRCeSfZavrH5i4mYcoDIYLdKoIby+w27Y
fMIPDpmLYYhAjBJxmWH0IJX+uMJc6tQnLgricsALSG+ohKZM2yc3ZLuOgZh1EIIJ
Xvg4/cxWqoV+DBDROnP6YE2qWECofSzFMLXl86nzVJWy6+zdw2j/DJGpOEVr8LYl
EKPyjN7pvg0GmcGa1UTvdAjIeYpctwiYE1LU3zHJ5rzg2Lj4ve9d1yPMRsNv6XRf
9CjU4UF4R33Wx/+d5eu/lCt+YmPl2OPhd/Y05yDsBTgKrpJvc/dXFhiQ1vv92oen
h7k0g2e1jKrdJ6qFaCw1nn2PToOpxaxTeOwaA+8jlCGg9rDnOTUHqLyaEcLtiJfj
y6hxykEPG8KYrnB78OgnWpQzIrtT8xKnm7YVG9xN2/f6VqkaN7bvvv3+ZbSZOfBX
XVv7gffolx4SkMDAFBDSchB7f4X/akJJ+0dtrESaq8jNAjNj7lmxape2Ub+njKyk
KiB/zc96MVapKVH/7RadwAZ2PjsMqf2PH+nTtvKK6aDOdgP8SMmwhX+CgtPN2j5P
mUWBmQp3RjO3CnLS6Oeh/TjYXo0211Arh9bLoOCohqPQn7PfjyYwKsbs3nR0lGJu
F8oGtnDa1NkZriK46fCXhXS2FQ3MBHx47L+iBXSoaN3lrJJS8gdCGZ9ws2ucACVV
19etMuO/HSeqo75VrnlWEHSHKULTy2MJGkn8jX5F2i8XOXWxNz2OtrcksdQNJ+lJ
NR6QkVnnaTcUulz/lXoM0FABsQbvdtIhMocwtBxEw0U8hKornto/hgSPTEcEpdzh
Jk0IFQtJ2pgZAAxox5bndWzTsWmFDqlqpVZTH0g+cKRCK9gta0NFHgkW6d1Fe2Yd
vtPrzrWJwN3mx/ZYq622djxO3RTmyPMJ+PdcvjWBWHf3eFCBQBc8e3l+RPIAgD9K
tvjrqeOC1XOwuSdWc8LZnuPd/IkMfqrdKQAMDYJHozAlgZn3z9ztCXFF4rwxouV8
FDpH62vYHTdVpNGKWILFlemBsbbx+Db1DS7NvP5PAv4BsGIFdamNoBw8g0diUJLy
WWvkC0j/Ifd95dUZd6IjokKh8a7//htL0QcJHvF4BogIRSLUUwtoqi2VH7Qk/Dki
wjRl20Lwjy+cASYgMDQqQr2tKLRBM+wb/6iCL7URcZBQpUdDPNi897TEF0aHxdzJ
Gezr1Ykd/FmbFfrOmty+G5cYIHZM5RAIJFevlhwlZsNnxMPFf3nVjFCVkkyOvye5
SuXPI0T6DnQD8Sq/13WZyRTDEeT403enS68zgIGKeKRXkk1hj5be5Ts/MEKyKr5s
P1O+KwdSlsV9IIpDt/ylIoGoBdfJdD9Jo2wMXloeWIS61zHIx3hbmFyMDUB6nRYz
JKbWV4A9VFVNyGkqV/se7ivUC28h8mN347VOiI8j/7FMN7at9yy56zMKxNP7TXTb
HuABK6UpbP/Y3VZwyh+VWFL0m0slbahtZADFjJYpBP14d7d+MieevX6UqymtFF0U
EMzywbvVfCO3CFN7VfBd351ITLi+n2o5INELGphIFt9RK/RqmLY8CfzbiTUR3Bi6
NKGNfu/tQ+dC4IwE4XYsRMQjJYJtYQhfxh8624YQFFxdZihn+8gfq+aJYsid5yDq
X+9udOZcHRDM1wt3iicqVDWpn/rG3BNUyXiGqFM+k0mbMg0OJ7+fVOM3k9NU+YN3
qTuyHvyE4KyYIzRPbLhKbu2/jJeTueggTdJQbE07xV6yUhlLE73zForWi+HuB311
5kd3cLsuq1fX5XKiNlHnUJ1IpfiZoSh5WuQ5cDPs3QB9D/TYjpkCXOs0735PZmkN
TnJbj26wSiBKrTJqraHccPOur/FP35qMS29FpuVVpwfXFXq9U80/WG8VWyeiyUHw
UD7s63t5MMfQ08XoyHj/oyWmWgv1gZnwsAj4mp2+BHoyW2ATz7DhdaTifdu+vweS
vyFsDwuw1of4oUs6kPUo7fcFTa9xIk0uwzxIMcHHRefpyhi9WIR049eAA9Vk5M12
MhvkMzCbGTJ0QnemTVM5ncN52IqDXcHo3eNptv7cw7ZtGpWkJkR8Bjlmvpez3OcS
a0vQ6BoiK/l9ojdr0PGnLeJjsu+rl5jkGr1uto5X8pnSr/5G8p5lfUMs04f2mhKh
Raet0F2BEipRJOqZ41DS1ekTH27YczaLTedo4CuQLc9B6eDzs1v4bvbYC+0kzSTp
niX3hnj/DdvVZC9JDVma++FDoUYAiklLImqlj23qQ63Rnry669xzM33ns9/Q6Py4
+LowuIQPq56pIfg9jF0mB1sfihcoJAcIjgNRXf9XEoz/J9scFDPFTO0c3o8WWjRQ
A3swPspooRJ/z1nkpMUVYQx/s6RcGMAKobUno7HGV+LZZ6N2XRy7TLdOh3Gs+A9o
RsEAGj488hO7dMj22XV+PYFsSMbRSs2cX/G/EdIakTfev8mp1IJjQd9xIjdVVPRn
FvsvV/cuouJTx39qScKUk22zdidZjraiitOcTZq0fvHTbK064oUCJYMeLj4wCky6
oGMEC90wlhOMpTxsEOGofRfjTnyxI1the3ZPsfBuTWDmX4QmYbAHg4S6pXjhh27y
pV1ahsInfF6lTEjXqXbYCp9L5JyXCqm72sSK7N7jjXgdYmh4mgDEgr09k/Mx7q8E
sD4pq40mgL1x0nw/fRyklSmVkLDLcMR9xeIxbfF+P9B7+rOvwHvwcRu8WId37HEm
LhLEFmarDfzbknnaetwb3wdVAwAGG/CINU93jbq24vyDDQs9pwif8Iso559E3yMx
L6HcwhzzgjB/REac2GtmkrQhSlndZ9qc/YNrsMQKr8JV2k+Bqc/Z5N822x6AZunk
9lKbnDLFQimSnXJ1ADRW8aJAwaOIdwBd6eB1IbuQb/nBEhRRdoCDlp4PRByXUNSm
+hMFql7VNGuDTC3TY5dnFm0+cHFGje0v3BaHBn91dleuEpMzHXHmEVFDogmqjxWr
YoQu2Hx615D5piVpJk2KlvQC7VlJqX7JA9zV8uZ0R+Vbi2D3AdSH/6CnlHn8N+DG
GXKDCkgWs/bGG6T7o8fHT132z2jkJvIoW9kKm3CfGxgw8/q2Bwujsdvy0LoLX8Zx
0WfOy/moNcvoErUJyuZtcUbe6rvW94ZjjpBZfKKEld8NuSPLnQI/DK2M4ITqAxpt
V/EEkk0uk0BAdV+BVxDWMuxqJPoszXBtxg29dhiBL24BWgO4NabqBRDyW3yOLjpH
vfuh64GduPKBayXv+YOb/mVjmi7jlnJ+l2AaRM7AiesxZhkX0bu3+hIC62ZdN0c2
YTqCtnyQ1AZoJjkEn36gjRrX6ND0iYfIdX17x057iVQ4KACMWcxHkXBiA1Nr47oF
UpsVDFZCHdercUG+onU35rJOx9c/4cfHbpv74DAy+UdHS4/gHhImXUcP51oUL9JT
nEic1RvhLZLpLMJYSkIRt9WbGJOJMW5mLOa+0uaXmYmhXQ9pcZJrkLEMkNnAtr4G
9G7ITgBw4IdvLWPot7kO3LtP+NpjNivvydiTJ6xdp+LRsVgbmL5vVxDMnWpq7xV6
k23hJrXbdg/+PJghxbXvOg30I6TQlTbY7qTWasRDA56SQ1dnMD448hGjMjHlJA+J
bBf8FXA/Cd15BVKnrwzhZx0xO3ueJySDE0TtOZqQP1yfRnu4UhjJPIcZNlyYLc2O
oM6CfdieEfCXrhlmFIE3+5Sc5bi4xb2JXgF2kgOstfE933AaEmW+cyhX8wVinevb
LLp+PrpqAZ4hxS2Ib0NA6eqo2RfN4zbYR4m2uJ5L1NWqWfWiFwaEHDaDF81tD57I
4fv9WnMK1oi18Lj957KO5Ucfh5tiAo5jf2LjCOCb4kN16PtG8FiMS3otJaH1zrIj
sBjNBS2Ny6BsnwzXVFMBj5TIXqL0bpoB+pVmJ1QhZaZKgqdHVpTWE3qpXzQ7/ZXO
nj/XwT7z1YDCVJK0yhmm3UeaKhBVUaGNvdBkW2oJW54lQx5o8c1slJImbpPO04uS
i+GphYC0RkoXB/rPtwHZvr3wkl7fHln24C9xH5Q7j2sF6C+Ny55MffR9j9fntZEi
zVK/NFgDgqgleeVXJOabp3yujMu+FpXBjmq/Yh9k6VfhYm2VsKK8FhG/LM9z0mpc
iJDgDTLSNIl+ohkUHLorzgrUTQBtrbYLZPnpxCBNATFVjkDhl4duqhpNvn2T04H+
/r7LteRU4ilR1tpX5SwzhItUz55GU88WKXYGsSxi3nBJ1UQPTvygwIsI3jM/3PR+
gccVDL0yZqknuk1evAJ4LOtpzrGmoTzMT644qw8Y1Yynk+maB2QkUwKmgzzGFcaY
qquPE9hCIYtlMjvGROQw5m8NAdRB6RekX8iSjedKGsL+jPsULlcK6gOv7HAcQj1p
ImrpXDrOK6+Xl+J+KafzaLZHDhlpKexHq463KE9KQ81BtL2hHL987J/hDHI+jbkE
gpFWx5EjUzhRlM54jTKtyfcP3KYcOhShJ7swWCAxNpZVgaZPArd/CJS9vItO+E6h
KBmXw3Lzza6j9hsBjmo5EfJYZrlYDceIAQGKSDjsTcXdCxJopRrKraIa4FxFHKAr
gvOodRPffWmQ/kxrbMzyY0nnD1lVVN1tymYDbsGIKqoqq3YulzeOxGXnNgl2BbXp
0GhjwoNefeRcnAg+4g9GolJ5FcYsBEvZzetu0WK7mr+bAzf962PeSfYYWRWp2TlM
pK7X2bdIyVUiOm2+qQvDPdB9im06//h5RDjRxQTyGGt0lTpk6VWAx0ErbrW386T8
cqlqbCMMTKZztcFLtjhpS5Dfr9ODg4FbV4ewc0UvURVxOcR3R/CnUO+pw17AjYSJ
qmRk4ZdC0NttXq4jiXqgxpzK+0LN2+53DbrzlAmtIDZI0c3JEW3RD+VP0G/qTvjh
tAGoumFhKM9Sivo6fEkTCfR/+2UiD24jIjiPKXsHvv95KRz+Coxk5373QdbzI01h
AhXrHQhg1mVMsgbCr3ATiJLOIevc4vLHgzQW4+XCyQ3q8KEgnDG4DmTleHv4RXs1
2ew5iuxtoNAHAZiP3agjZ06um/XgU1zfiI30ibJa+BUu9c6D6F3vymxLxlpaWESU
f9g3K/4dLVNpBGv0oiXDtgEF7qE9tKNrU4NG6ofQj9bn2vF14LmlC1pA6yafknSX
b1PR3+DFZE8fPTz9Zi3cmJzjm9qeg7PaAH039A7ZibiCX3RwuvzhZ17wgu4YQ7EA
oFieHdlAvCbiMM30+r+KvFA1lNEwxjncnwJJfd8RV42AGcw9WLhRaWfIR5D3grN/
ZQovh2OW8V/HQXMrUjebToyC495y/9eSwQdn+2pFNg+R2zwzl/WhIy2MaVu8yzaO
vL26LsC/0SuYkBbTqqys21tywGwQIw03ygxBwh1ZDZ+nh3LE2gl/gmmwsIM8AREd
+DcVRSmDNic+A3LPxCMC9Hs7f4mlwnLRaC9GkTPIR+jhHkjS/1sTHUw9cx0kD0wp
3JfqH9XDF/EbPcN24tQFWaTbjqGkvRSzeGwAB8jmKJI0t23/6NSd+acBRK3Pztk2
SIEhpoR294ssDNZ3zLsA/I7ehB8GEwXq7oCmwVYuYE5bfQsKhybZZJvccy/JpQ58
woDtQpHjGcCrFkCjE2VqeZFu8vlMMvQkYWJKGVtizoyGJttIWjWFh2lTEY2yMPpB
Fwgf8vJ/cFvTDn2UA5Oag2XEf+bHZl++wRZhHyxrvYzbWRijOQ3P0i2IPJ6Ph6Ge
FJFa1JqwmZpPl0D3P4CD/nrpAj6Y83W9eeG4yhDyxxVMBHElaC8Ithwlw9SJguGx
Dk+M/WOmDm/xzuBlUpdaOF3d0QfK+Ofb1/hM7dcrAF90PZObZ/BINX7+VRren3cC
SApRzbICNNeOtnXmc+YfZyuZvC73riFy5MS3gKKLsamXz2SgNVcUKfgBWlSR2w21
SElItMkJMxT9GiX+eNT7WZBHs6W/j0A+4F0y8/FbGLymw8TplzCMBechZM+e3evr
l6sueww0cWYqGs/6b3T86/HzC5K5zF14luhzryyqOfZsn+uoz/EFAkPoffJ8nYLj
Pw1VjqScwlAgKfg7mLjROEC7saOV2zsgzcJSqjRFdxHPo/6aaOjdYNXbolIgpBra
M43DvUQ+yfa6F7/XwJoxwQKOAIxSl90NP2MogOeTglr5hx0rzcayMZcZi9JL98bA
mV9reR0wKBUbF2L0JkiwTg0JQ8/RuZMNLulV6oUT7rLrFLXaroeHwlf664hLpJBp
ajIjU9Np0Rsm5Op2f8gWeNRLCmcX+piWbGz3pphHW5NF0Q7qdfc764JG4uKH26nR
ng1ls6xRItsUyPbQO7U11tlq6p3BCYBmGRUzfiIXDA5q4vxFFztF634Qnq4eaRYn
LOcoe31bY6WasLVNOPv1bS4pGuAidn1Etq6M7FvIZIvk/nxHqGLXkhekfB4eR8Xu
LYweXnlKqxTb3EvmglugYOVqOeP/qhpaJbXAXGHJD9rZIedNBG6r1dCpjgc57Q4u
ljWA34bO/Ph3xMDYCXLFuUNiBaf0ahrrJHIcH1h0PtQQahLph/vgotD1MNDoIhgR
n/x2dFeFn6FDxThI/OwGgr7iHMYqKCQpK6duKiMCvM2dfuWdtt6E2NI7rIS7ZloY
s1rptm2j8gUYz9x+5npn/Zg7ETfGYfekigAbeCOyV/XkXgcOjVusfpS+ExOmstdD
yECNyQIg7KaNTGtf0zKHvw1/WWgDCh82tflv1+aPbB9GZqXSm/7Sd0T6Xi9DG5Jk
lQ6FAZg6n/t3co/7hjCYvph9wKmxmlE7aHkoZwhIoZVoPlNwlVdmFZxlh+qvXByS
37E5xSlhKibBIuVTKC8udJJcxpForSoRO03NlqrVhA2XQc7iSThUQfrUk4XLjaHB
dyzgRfEtBiyzsD1omnOdIw4ouhiQgylHDllXyUtgzez7Gm8YbeA12ZkUWuOXZMP6
Ok21eZlVGoVbeV0pZav9ibCa4V0oQdrBmP7dVe9N4bM0Twmto+CrAYFaaEepbxie
UHpWOCFIPW3x/h3Jz9OS0BcZmpC8BUCesKOUT0qWSZaurtEo5wf3Y9HUJUj74RNh
SmQCO9drxiTNzxvPXluA15fe6KmcMAzuzoGjW1ydp3t093592JDNDA12MXTUMbhm
iTXRIeOvXF/plINTlDoflc5uOoxIzSTDIEqWHvWueaOrP5eTmX7L3yx5zgQjfQzR
WwbK2mFxNMmzzlAVAcyJxmBG5daR9w87CPA8CHWwxB5rAGSDyEjdhdHnklHwtnhu
es4YOBESsHtPvEoUwQAqu0gALlAkMWYBn/un4zMnrA9VDRAB7qwNYJI/hmDISpyS
uAkGeUBAkTXVTO7FX8lCG5wcZEktMG2XvRxRR+crVluFkoiaxx9RkLl+4V6OqLAg
TWynw/21DY1sxHAkMGXpUEQuw51//vTDEoLoSIUQe69fVW/VhGUYzRQy4RdIt87N
d7bGjsMb28uoJm3fwblLwtWXXj/ZtcgNt82ZFZjWjTCX+ce9rjb10zK3AxLbrkN4
w+wUquuZbWNgRv45Bw5rMqxYcTdO6YFc3sQq2kPpjovIyMh7g4+rtYlrF2+hn4KN
8QYKNSuRuGScR1bp/3XaOlugsjEeC5SznMw+qxdL20Aiyrgb1wIa6BPu+fIGrAr8
V99L/xQNZ3RPyxSaisoPB/YjRtXhtPBP52t1A8jMef0qp8KADcIy1YOIbNTjqZ2m
kAzx01PAzhbeMOibYPufi2vAqYjJrCDl20ctRi2S9uKl59Af+WvN4DRUKhOEB4Ui
HkegprfnDLGIltXGIpI0+F4GvNIHIvI+mj/GrhdHns0D4mdHmXOZ+idK2vqWPqo5
CMLC6en7KLjE2YCuuFL/zMiOMmxFYG3oucN3Bd/WNbNE0DWK7dYX96uYol2+9TVW
/UvYeepzV4fV4Rqb7VfMYg4QVismUVDEKTuwrky8iQbIrcFcrtWi/6a5Ol6gqAIo
hrDDJpJUa9l1KshYxxtUZvfAI9faREc0ixnaSZnUdDDo9jqqGLGd0IWIzizNQKRt
RY3QAuBccexD/xgR6w5F1aY8Nu236DMiug0TUVfxhUt3igaIGTAut7dUyMeHhOR4
pZVgBJ/orkPgQ94vxwU9NcXqrjmoWCUn2DjP1m/pNMls8/y4Y6xKEcqP472CBc1+
eH6rbtkSkKJgyDF7753ZrCcIk6QxRwdk6C8ECtnye3NRUEwzk+ybhtOj2A/8Tu2X
cHZbzMTgThndB0jItD+fWxh9bjw6+5ZotOmH1bkIkxyqjo/m1QaeF/K2zytXepgc
Cmj4/BRmeQnRXAkB1oG7EMJHFE+56I2t6VrS062ZciGVfyYR2hlKemZ5+WJIMRwZ
/RqUMHCXLW/z3tidm0DMeP+IpFfhCP4bjP2yPtS8eLh2EsM83NrnmhHonNtsgypz
cLjRHiTFKgmyEuHeFKBvqqohSzeevZBBWywmSdzt/GrikGmlSmILMVOQRcQvN78I
xVKGf1p8PjYDqqIFZ5HuKCVAG8oQgMtAjArR6MzLz+aBMdcRAG0RTHYMlAz/cwQN
GgSSP3a6Ed9Ihzgd1E9u3XySBJ0Wc4K7YpRqVs5ENOe9aQUccfktAnV1/zrVsJZf
GOatnkm+q/Lt8xec6nkD9l79ySDfpylNahI5zdR7yEi1xDgbUaFwm1rQ7H/5qTIX
hMgWE9/9ywGtHj1RPOs4lTzjeM748v2LIceWhdwcMXbvxlsvkz7ayRwakCfomwFh
Uj2unFE3qg1ge6YX/EKB6/R9xUDQxwebDKKD745oZ0M3eLjlAMTvWn8VHS9Tu1kN
LAjjAF6hXjCsfdpfZwPPew==
